
Microsoft Visual Studio Solution File, Format Version 12.00
# Visual Studio 15
Project("{FAE04EC0-301F-11D3-BF4B-00C04F79EFBC}") = "RCSerial", "RCSerial.csproj", "{7923CC1F-E970-41C2-8301-10DE70E6BFCC}"
EndProject
Project("{FAE04EC0-301F-11D3-BF4B-00C04F79EFBC}") = "RCSerial-Common", "..\RCSerial-Common\RCSerial-Common.csproj", "{3E3224AE-5C7F-4538-80B7-97D98F3BC31C}"
EndProject
Project("{FAE04EC0-301F-11D3-BF4B-00C04F79EFBC}") = "RCSerial-Console", "..\RCSerial-Console\RCSerial-Console.csproj", "{D8A78D2B-967C-4990-B702-29BD9D5A4C01}"
EndProject
Global
	GlobalSection(SolutionConfigurationPlatforms) = preSolution
		Debug|Any CPU = Debug|Any CPU
		Release|Any CPU = Release|Any CPU
	EndGlobalSection
	GlobalSection(ProjectConfigurationPlatforms) = postSolution
		{7923CC1F-E970-41C2-8301-10DE70E6BFCC}.Debug|Any CPU.ActiveCfg = Debug|Any CPU
		{7923CC1F-E970-41C2-8301-10DE70E6BFCC}.Debug|Any CPU.Build.0 = Debug|Any CPU
		{7923CC1F-E970-41C2-8301-10DE70E6BFCC}.Release|Any CPU.ActiveCfg = Release|Any CPU
		{7923CC1F-E970-41C2-8301-10DE70E6BFCC}.Release|Any CPU.Build.0 = Release|Any CPU
		{3E3224AE-5C7F-4538-80B7-97D98F3BC31C}.Debug|Any CPU.ActiveCfg = Debug|Any CPU
		{3E3224AE-5C7F-4538-80B7-97D98F3BC31C}.Debug|Any CPU.Build.0 = Debug|Any CPU
		{3E3224AE-5C7F-4538-80B7-97D98F3BC31C}.Release|Any CPU.ActiveCfg = Release|Any CPU
		{3E3224AE-5C7F-4538-80B7-97D98F3BC31C}.Release|Any CPU.Build.0 = Release|Any CPU
		{D8A78D2B-967C-4990-B702-29BD9D5A4C01}.Debug|Any CPU.ActiveCfg = Debug|Any CPU
		{D8A78D2B-967C-4990-B702-29BD9D5A4C01}.Debug|Any CPU.Build.0 = Debug|Any CPU
		{D8A78D2B-967C-4990-B702-29BD9D5A4C01}.Release|Any CPU.ActiveCfg = Release|Any CPU
		{D8A78D2B-967C-4990-B702-29BD9D5A4C01}.Release|Any CPU.Build.0 = Release|Any CPU
	EndGlobalSection
EndGlobal
